// !$*UTF8*$!
{
	archiveVersion = 1;
	classes = {
	};
	objectVersion = 46;
	objects = {

/* Begin PBXBuildFile section */
		5B532B81178B056E0042DD49 /* Foundation.framework in Frameworks */ = {isa = PBXBuildFile; fileRef = 5B532B80178B056E0042DD49 /* Foundation.framework */; };
		5B532B90178B056F0042DD49 /* SenTestingKit.framework in Frameworks */ = {isa = PBXBuildFile; fileRef = 5B532B8F178B056F0042DD49 /* SenTestingKit.framework */; };
		5B532B92178B056F0042DD49 /* UIKit.framework in Frameworks */ = {isa = PBXBuildFile; fileRef = 5B532B91178B056F0042DD49 /* UIKit.framework */; };
		5B532B93178B056F0042DD49 /* Foundation.framework in Frameworks */ = {isa = PBXBuildFile; fileRef = 5B532B80178B056E0042DD49 /* Foundation.framework */; };
		5B532B96178B056F0042DD49 /* libGrand Object Dispatch.a in Frameworks */ = {isa = PBXBuildFile; fileRef = 5B532B7D178B056E0042DD49 /* libGrand Object Dispatch.a */; };
		5B532B9C178B056F0042DD49 /* InfoPlist.strings in Resources */ = {isa = PBXBuildFile; fileRef = 5B532B9A178B056F0042DD49 /* InfoPlist.strings */; };
		5B532B9F178B056F0042DD49 /* Grand_Object_DispatchTests.m in Sources */ = {isa = PBXBuildFile; fileRef = 5B532B9E178B056F0042DD49 /* Grand_Object_DispatchTests.m */; };
		5B532BAE178B06D40042DD49 /* GODObject.m in Sources */ = {isa = PBXBuildFile; fileRef = 5B532BAD178B06D40042DD49 /* GODObject.m */; };
		5B532BB1178B06E20042DD49 /* GODQueue.m in Sources */ = {isa = PBXBuildFile; fileRef = 5B532BB0178B06E20042DD49 /* GODQueue.m */; };
		5BDE8BA5178C64FA0003F610 /* GODGroup.m in Sources */ = {isa = PBXBuildFile; fileRef = 5BDE8BA4178C64FA0003F610 /* GODGroup.m */; };
		5BDE8BA8178C71450003F610 /* GODSemaphore.m in Sources */ = {isa = PBXBuildFile; fileRef = 5BDE8BA7178C71450003F610 /* GODSemaphore.m */; };
/* End PBXBuildFile section */

/* Begin PBXContainerItemProxy section */
		5B532B94178B056F0042DD49 /* PBXContainerItemProxy */ = {
			isa = PBXContainerItemProxy;
			containerPortal = 5B532B75178B056E0042DD49 /* Project object */;
			proxyType = 1;
			remoteGlobalIDString = 5B532B7C178B056E0042DD49;
			remoteInfo = "Grand Object Dispatch";
		};
/* End PBXContainerItemProxy section */

/* Begin PBXCopyFilesBuildPhase section */
		5B532B7B178B056E0042DD49 /* CopyFiles */ = {
			isa = PBXCopyFilesBuildPhase;
			buildActionMask = 2147483647;
			dstPath = "include/${PRODUCT_NAME}";
			dstSubfolderSpec = 16;
			files = (
			);
			runOnlyForDeploymentPostprocessing = 0;
		};
/* End PBXCopyFilesBuildPhase section */

/* Begin PBXFileReference section */
		5B532B7D178B056E0042DD49 /* libGrand Object Dispatch.a */ = {isa = PBXFileReference; explicitFileType = archive.ar; includeInIndex = 0; path = "libGrand Object Dispatch.a"; sourceTree = BUILT_PRODUCTS_DIR; };
		5B532B80178B056E0042DD49 /* Foundation.framework */ = {isa = PBXFileReference; lastKnownFileType = wrapper.framework; name = Foundation.framework; path = System/Library/Frameworks/Foundation.framework; sourceTree = SDKROOT; };
		5B532B8E178B056F0042DD49 /* Grand Object DispatchTests.octest */ = {isa = PBXFileReference; explicitFileType = wrapper.cfbundle; includeInIndex = 0; name = "Grand Object DispatchTests.octest"; path = "GOD Tests.octest"; sourceTree = BUILT_PRODUCTS_DIR; };
		5B532B8F178B056F0042DD49 /* SenTestingKit.framework */ = {isa = PBXFileReference; lastKnownFileType = wrapper.framework; name = SenTestingKit.framework; path = Library/Frameworks/SenTestingKit.framework; sourceTree = DEVELOPER_DIR; };
		5B532B91178B056F0042DD49 /* UIKit.framework */ = {isa = PBXFileReference; lastKnownFileType = wrapper.framework; name = UIKit.framework; path = Library/Frameworks/UIKit.framework; sourceTree = DEVELOPER_DIR; };
		5B532B99178B056F0042DD49 /* Grand Object DispatchTests-Info.plist */ = {isa = PBXFileReference; lastKnownFileType = text.plist.xml; path = "Grand Object DispatchTests-Info.plist"; sourceTree = "<group>"; };
		5B532B9B178B056F0042DD49 /* en */ = {isa = PBXFileReference; lastKnownFileType = text.plist.strings; name = en; path = en.lproj/InfoPlist.strings; sourceTree = "<group>"; };
		5B532B9D178B056F0042DD49 /* Grand_Object_DispatchTests.h */ = {isa = PBXFileReference; lastKnownFileType = sourcecode.c.h; path = Grand_Object_DispatchTests.h; sourceTree = "<group>"; };
		5B532B9E178B056F0042DD49 /* Grand_Object_DispatchTests.m */ = {isa = PBXFileReference; lastKnownFileType = sourcecode.c.objc; path = Grand_Object_DispatchTests.m; sourceTree = "<group>"; };
		5B532BA9178B06390042DD49 /* GrandObjectDispatch.h */ = {isa = PBXFileReference; fileEncoding = 4; lastKnownFileType = sourcecode.c.h; path = GrandObjectDispatch.h; sourceTree = "<group>"; };
		5B532BAC178B06D40042DD49 /* GODObject.h */ = {isa = PBXFileReference; fileEncoding = 4; lastKnownFileType = sourcecode.c.h; path = GODObject.h; sourceTree = "<group>"; };
		5B532BAD178B06D40042DD49 /* GODObject.m */ = {isa = PBXFileReference; fileEncoding = 4; lastKnownFileType = sourcecode.c.objc; path = GODObject.m; sourceTree = "<group>"; };
		5B532BAF178B06E20042DD49 /* GODQueue.h */ = {isa = PBXFileReference; fileEncoding = 4; lastKnownFileType = sourcecode.c.h; path = GODQueue.h; sourceTree = "<group>"; };
		5B532BB0178B06E20042DD49 /* GODQueue.m */ = {isa = PBXFileReference; fileEncoding = 4; lastKnownFileType = sourcecode.c.objc; path = GODQueue.m; sourceTree = "<group>"; };
		5BDE8BA3178C64FA0003F610 /* GODGroup.h */ = {isa = PBXFileReference; fileEncoding = 4; lastKnownFileType = sourcecode.c.h; path = GODGroup.h; sourceTree = "<group>"; };
		5BDE8BA4178C64FA0003F610 /* GODGroup.m */ = {isa = PBXFileReference; fileEncoding = 4; lastKnownFileType = sourcecode.c.objc; path = GODGroup.m; sourceTree = "<group>"; };
		5BDE8BA6178C71450003F610 /* GODSemaphore.h */ = {isa = PBXFileReference; fileEncoding = 4; lastKnownFileType = sourcecode.c.h; path = GODSemaphore.h; sourceTree = "<group>"; };
		5BDE8BA7178C71450003F610 /* GODSemaphore.m */ = {isa = PBXFileReference; fileEncoding = 4; lastKnownFileType = sourcecode.c.objc; path = GODSemaphore.m; sourceTree = "<group>"; };
/* End PBXFileReference section */

/* Begin PBXFrameworksBuildPhase section */
		5B532B7A178B056E0042DD49 /* Frameworks */ = {
			isa = PBXFrameworksBuildPhase;
			buildActionMask = 2147483647;
			files = (
				5B532B81178B056E0042DD49 /* Foundation.framework in Frameworks */,
			);
			runOnlyForDeploymentPostprocessing = 0;
		};
		5B532B8A178B056F0042DD49 /* Frameworks */ = {
			isa = PBXFrameworksBuildPhase;
			buildActionMask = 2147483647;
			files = (
				5B532B90178B056F0042DD49 /* SenTestingKit.framework in Frameworks */,
				5B532B92178B056F0042DD49 /* UIKit.framework in Frameworks */,
				5B532B93178B056F0042DD49 /* Foundation.framework in Frameworks */,
				5B532B96178B056F0042DD49 /* libGrand Object Dispatch.a in Frameworks */,
			);
			runOnlyForDeploymentPostprocessing = 0;
		};
/* End PBXFrameworksBuildPhase section */

/* Begin PBXGroup section */
		5B532B74178B056E0042DD49 = {
			isa = PBXGroup;
			children = (
				5B532BA8178B06390042DD49 /* Sources */,
				5B532B97178B056F0042DD49 /* Tests */,
				5B532B7F178B056E0042DD49 /* Frameworks */,
				5B532B7E178B056E0042DD49 /* Products */,
			);
			sourceTree = "<group>";
		};
		5B532B7E178B056E0042DD49 /* Products */ = {
			isa = PBXGroup;
			children = (
				5B532B7D178B056E0042DD49 /* libGrand Object Dispatch.a */,
				5B532B8E178B056F0042DD49 /* Grand Object DispatchTests.octest */,
			);
			name = Products;
			sourceTree = "<group>";
		};
		5B532B7F178B056E0042DD49 /* Frameworks */ = {
			isa = PBXGroup;
			children = (
				5B532B80178B056E0042DD49 /* Foundation.framework */,
				5B532B8F178B056F0042DD49 /* SenTestingKit.framework */,
				5B532B91178B056F0042DD49 /* UIKit.framework */,
			);
			name = Frameworks;
			sourceTree = "<group>";
		};
		5B532B97178B056F0042DD49 /* Tests */ = {
			isa = PBXGroup;
			children = (
				5B532B9D178B056F0042DD49 /* Grand_Object_DispatchTests.h */,
				5B532B9E178B056F0042DD49 /* Grand_Object_DispatchTests.m */,
				5B532B98178B056F0042DD49 /* Supporting Files */,
			);
			path = Tests;
			sourceTree = "<group>";
		};
		5B532B98178B056F0042DD49 /* Supporting Files */ = {
			isa = PBXGroup;
			children = (
				5B532B99178B056F0042DD49 /* Grand Object DispatchTests-Info.plist */,
				5B532B9A178B056F0042DD49 /* InfoPlist.strings */,
			);
			name = "Supporting Files";
			sourceTree = "<group>";
		};
		5B532BA8178B06390042DD49 /* Sources */ = {
			isa = PBXGroup;
			children = (
				5B532BA9178B06390042DD49 /* GrandObjectDispatch.h */,
				5B532BAC178B06D40042DD49 /* GODObject.h */,
				5B532BAD178B06D40042DD49 /* GODObject.m */,
				5B532BAF178B06E20042DD49 /* GODQueue.h */,
				5B532BB0178B06E20042DD49 /* GODQueue.m */,
				5BDE8BA3178C64FA0003F610 /* GODGroup.h */,
				5BDE8BA4178C64FA0003F610 /* GODGroup.m */,
				5BDE8BA6178C71450003F610 /* GODSemaphore.h */,
				5BDE8BA7178C71450003F610 /* GODSemaphore.m */,
			);
			path = Sources;
			sourceTree = "<group>";
		};
/* End PBXGroup section */

/* Begin PBXNativeTarget section */
		5B532B7C178B056E0042DD49 /* Grand Object Dispatch */ = {
			isa = PBXNativeTarget;
			buildConfigurationList = 5B532BA2178B056F0042DD49 /* Build configuration list for PBXNativeTarget "Grand Object Dispatch" */;
			buildPhases = (
				5B532B79178B056E0042DD49 /* Sources */,
				5B532B7A178B056E0042DD49 /* Frameworks */,
				5B532B7B178B056E0042DD49 /* CopyFiles */,
			);
			buildRules = (
			);
			dependencies = (
			);
			name = "Grand Object Dispatch";
			productName = "Grand Object Dispatch";
			productReference = 5B532B7D178B056E0042DD49 /* libGrand Object Dispatch.a */;
			productType = "com.apple.product-type.library.static";
		};
		5B532B8D178B056F0042DD49 /* GOD Tests */ = {
			isa = PBXNativeTarget;
			buildConfigurationList = 5B532BA5178B056F0042DD49 /* Build configuration list for PBXNativeTarget "GOD Tests" */;
			buildPhases = (
				5B532B89178B056F0042DD49 /* Sources */,
				5B532B8A178B056F0042DD49 /* Frameworks */,
				5B532B8B178B056F0042DD49 /* Resources */,
				5B532B8C178B056F0042DD49 /* ShellScript */,
			);
			buildRules = (
			);
			dependencies = (
				5B532B95178B056F0042DD49 /* PBXTargetDependency */,
			);
			name = "GOD Tests";
			productName = "Grand Object DispatchTests";
			productReference = 5B532B8E178B056F0042DD49 /* Grand Object DispatchTests.octest */;
			productType = "com.apple.product-type.bundle";
		};
/* End PBXNativeTarget section */

/* Begin PBXProject section */
		5B532B75178B056E0042DD49 /* Project object */ = {
			isa = PBXProject;
			attributes = {
				LastUpgradeCheck = 0460;
				ORGANIZATIONNAME = "Martin Kiss";
			};
			buildConfigurationList = 5B532B78178B056E0042DD49 /* Build configuration list for PBXProject "Grand Object Dispatch" */;
			compatibilityVersion = "Xcode 3.2";
			developmentRegion = English;
			hasScannedForEncodings = 0;
			knownRegions = (
				en,
			);
			mainGroup = 5B532B74178B056E0042DD49;
			productRefGroup = 5B532B7E178B056E0042DD49 /* Products */;
			projectDirPath = "";
			projectRoot = "";
			targets = (
				5B532B7C178B056E0042DD49 /* Grand Object Dispatch */,
				5B532B8D178B056F0042DD49 /* GOD Tests */,
			);
		};
/* End PBXProject section */

/* Begin PBXResourcesBuildPhase section */
		5B532B8B178B056F0042DD49 /* Resources */ = {
			isa = PBXResourcesBuildPhase;
			buildActionMask = 2147483647;
			files = (
				5B532B9C178B056F0042DD49 /* InfoPlist.strings in Resources */,
			);
			runOnlyForDeploymentPostprocessing = 0;
		};
/* End PBXResourcesBuildPhase section */

/* Begin PBXShellScriptBuildPhase section */
		5B532B8C178B056F0042DD49 /* ShellScript */ = {
			isa = PBXShellScriptBuildPhase;
			buildActionMask = 2147483647;
			files = (
			);
			inputPaths = (
			);
			outputPaths = (
			);
			runOnlyForDeploymentPostprocessing = 0;
			shellPath = /bin/sh;
			shellScript = "# Run the unit tests in this test bundle.\n\"${SYSTEM_DEVELOPER_DIR}/Tools/RunUnitTests\"\n";
		};
/* End PBXShellScriptBuildPhase section */

/* Begin PBXSourcesBuildPhase section */
		5B532B79178B056E0042DD49 /* Sources */ = {
			isa = PBXSourcesBuildPhase;
			buildActionMask = 2147483647;
			files = (
				5B532BAE178B06D40042DD49 /* GODObject.m in Sources */,
				5B532BB1178B06E20042DD49 /* GODQueue.m in Sources */,
				5BDE8BA5178C64FA0003F610 /* GODGroup.m in Sources */,
				5BDE8BA8178C71450003F610 /* GODSemaphore.m in Sources */,
			);
			runOnlyForDeploymentPostprocessing = 0;
		};
		5B532B89178B056F0042DD49 /* Sources */ = {
			isa = PBXSourcesBuildPhase;
			buildActionMask = 2147483647;
			files = (
				5B532B9F178B056F0042DD49 /* Grand_Object_DispatchTests.m in Sources */,
			);
			runOnlyForDeploymentPostprocessing = 0;
		};
/* End PBXSourcesBuildPhase section */

/* Begin PBXTargetDependency section */
		5B532B95178B056F0042DD49 /* PBXTargetDependency */ = {
			isa = PBXTargetDependency;
			target = 5B532B7C178B056E0042DD49 /* Grand Object Dispatch */;
			targetProxy = 5B532B94178B056F0042DD49 /* PBXContainerItemProxy */;
		};
/* End PBXTargetDependency section */

/* Begin PBXVariantGroup section */
		5B532B9A178B056F0042DD49 /* InfoPlist.strings */ = {
			isa = PBXVariantGroup;
			children = (
				5B532B9B178B056F0042DD49 /* en */,
			);
			name = InfoPlist.strings;
			sourceTree = "<group>";
		};
/* End PBXVariantGroup section */

/* Begin XCBuildConfiguration section */
		5B532BA0178B056F0042DD49 /* Debug */ = {
			isa = XCBuildConfiguration;
			buildSettings = {
				ALWAYS_SEARCH_USER_PATHS = NO;
				CLANG_CXX_LANGUAGE_STANDARD = "gnu++0x";
				CLANG_CXX_LIBRARY = "libc++";
				CLANG_ENABLE_OBJC_ARC = YES;
				CLANG_WARN_CONSTANT_CONVERSION = YES;
				CLANG_WARN_EMPTY_BODY = YES;
				CLANG_WARN_ENUM_CONVERSION = YES;
				CLANG_WARN_INT_CONVERSION = YES;
				CLANG_WARN__DUPLICATE_METHOD_MATCH = YES;
				COPY_PHASE_STRIP = NO;
				GCC_C_LANGUAGE_STANDARD = gnu99;
				GCC_DYNAMIC_NO_PIC = NO;
				GCC_OPTIMIZATION_LEVEL = 0;
				GCC_PREPROCESSOR_DEFINITIONS = (
					"DEBUG=1",
					"$(inherited)",
				);
				GCC_SYMBOLS_PRIVATE_EXTERN = NO;
				GCC_WARN_ABOUT_RETURN_TYPE = YES;
				GCC_WARN_UNINITIALIZED_AUTOS = YES;
				GCC_WARN_UNUSED_VARIABLE = YES;
				IPHONEOS_DEPLOYMENT_TARGET = 6.1;
				ONLY_ACTIVE_ARCH = YES;
				SDKROOT = iphoneos;
			};
			name = Debug;
		};
		5B532BA1178B056F0042DD49 /* Release */ = {
			isa = XCBuildConfiguration;
			buildSettings = {
				ALWAYS_SEARCH_USER_PATHS = NO;
				CLANG_CXX_LANGUAGE_STANDARD = "gnu++0x";
				CLANG_CXX_LIBRARY = "libc++";
				CLANG_ENABLE_OBJC_ARC = YES;
				CLANG_WARN_CONSTANT_CONVERSION = YES;
				CLANG_WARN_EMPTY_BODY = YES;
				CLANG_WARN_ENUM_CONVERSION = YES;
				CLANG_WARN_INT_CONVERSION = YES;
				CLANG_WARN__DUPLICATE_METHOD_MATCH = YES;
				COPY_PHASE_STRIP = YES;
				GCC_C_LANGUAGE_STANDARD = gnu99;
				GCC_WARN_ABOUT_RETURN_TYPE = YES;
				GCC_WARN_UNINITIALIZED_AUTOS = YES;
				GCC_WARN_UNUSED_VARIABLE = YES;
				IPHONEOS_DEPLOYMENT_TARGET = 6.1;
				SDKROOT = iphoneos;
				VALIDATE_PRODUCT = YES;
			};
			name = Release;
		};
		5B532BA3178B056F0042DD49 /* Debug */ = {
			isa = XCBuildConfiguration;
			buildSettings = {
				DSTROOT = /tmp/Grand_Object_Dispatch.dst;
				OTHER_LDFLAGS = "-ObjC";
				PRODUCT_NAME = "$(TARGET_NAME)";
				SKIP_INSTALL = YES;
			};
			name = Debug;
		};
		5B532BA4178B056F0042DD49 /* Release */ = {
			isa = XCBuildConfiguration;
			buildSettings = {
				DSTROOT = /tmp/Grand_Object_Dispatch.dst;
				OTHER_LDFLAGS = "-ObjC";
				PRODUCT_NAME = "$(TARGET_NAME)";
				SKIP_INSTALL = YES;
			};
			name = Release;
		};
		5B532BA6178B056F0042DD49 /* Debug */ = {
			isa = XCBuildConfiguration;
			buildSettings = {
				FRAMEWORK_SEARCH_PATHS = (
					"\"$(SDKROOT)/Developer/Library/Frameworks\"",
					"\"$(DEVELOPER_LIBRARY_DIR)/Frameworks\"",
				);
				GCC_PRECOMPILE_PREFIX_HEADER = YES;
				GCC_PREFIX_HEADER = "Grand Object Dispatch/Grand Object Dispatch-Prefix.pch";
				INFOPLIST_FILE = "Grand Object DispatchTests/Grand Object DispatchTests-Info.plist";
				PRODUCT_NAME = "$(TARGET_NAME)";
				WRAPPER_EXTENSION = octest;
			};
			name = Debug;
		};
		5B532BA7178B056F0042DD49 /* Release */ = {
			isa = XCBuildConfiguration;
			buildSettings = {
				FRAMEWORK_SEARCH_PATHS = (
					"\"$(SDKROOT)/Developer/Library/Frameworks\"",
					"\"$(DEVELOPER_LIBRARY_DIR)/Frameworks\"",
				);
				GCC_PRECOMPILE_PREFIX_HEADER = YES;
				GCC_PREFIX_HEADER = "Grand Object Dispatch/Grand Object Dispatch-Prefix.pch";
				INFOPLIST_FILE = "Grand Object DispatchTests/Grand Object DispatchTests-Info.plist";
				PRODUCT_NAME = "$(TARGET_NAME)";
				WRAPPER_EXTENSION = octest;
			};
			name = Release;
		};
/* End XCBuildConfiguration section */

/* Begin XCConfigurationList section */
		5B532B78178B056E0042DD49 /* Build configuration list for PBXProject "Grand Object Dispatch" */ = {
			isa = XCConfigurationList;
			buildConfigurations = (
				5B532BA0178B056F0042DD49 /* Debug */,
				5B532BA1178B056F0042DD49 /* Release */,
			);
			defaultConfigurationIsVisible = 0;
			defaultConfigurationName = Release;
		};
		5B532BA2178B056F0042DD49 /* Build configuration list for PBXNativeTarget "Grand Object Dispatch" */ = {
			isa = XCConfigurationList;
			buildConfigurations = (
				5B532BA3178B056F0042DD49 /* Debug */,
				5B532BA4178B056F0042DD49 /* Release */,
			);
			defaultConfigurationIsVisible = 0;
			defaultConfigurationName = Release;
		};
		5B532BA5178B056F0042DD49 /* Build configuration list for PBXNativeTarget "GOD Tests" */ = {
			isa = XCConfigurationList;
			buildConfigurations = (
				5B532BA6178B056F0042DD49 /* Debug */,
				5B532BA7178B056F0042DD49 /* Release */,
			);
			defaultConfigurationIsVisible = 0;
			defaultConfigurationName = Release;
		};
/* End XCConfigurationList section */
	};
	rootObject = 5B532B75178B056E0042DD49 /* Project object */;
}
